// !$*UTF8*$!
{
	archiveVersion = 1;
	classes = {
	};
	objectVersion = 48;
	objects = {

/* Begin PBXBuildFile section */
		0539BD61053EB7E53DC3D846 /* Pods_ListaCompra.framework in Frameworks */ = {isa = PBXBuildFile; fileRef = 7C806293A2AFE93FC9D595E8 /* Pods_ListaCompra.framework */; };
		416766B62024E44600E06DD9 /* ListasTableViewController.swift in Sources */ = {isa = PBXBuildFile; fileRef = 416766B52024E44600E06DD9 /* ListasTableViewController.swift */; };
		416766B82024E6B300E06DD9 /* Lista.swift in Sources */ = {isa = PBXBuildFile; fileRef = 416766B72024E6B300E06DD9 /* Lista.swift */; };
		4169E5F7202C97490024C6BD /* NuevaListaViewController.swift in Sources */ = {isa = PBXBuildFile; fileRef = 4169E5F6202C97490024C6BD /* NuevaListaViewController.swift */; };
		418871DF200F5A1A0076EE4F /* GoogleService-Info.plist in Resources */ = {isa = PBXBuildFile; fileRef = 418871DE200F5A1A0076EE4F /* GoogleService-Info.plist */; };
		4191C823200CE77400255825 /* AppDelegate.swift in Sources */ = {isa = PBXBuildFile; fileRef = 4191C822200CE77400255825 /* AppDelegate.swift */; };
		4191C828200CE77400255825 /* Main.storyboard in Resources */ = {isa = PBXBuildFile; fileRef = 4191C826200CE77400255825 /* Main.storyboard */; };
		4191C82A200CE77400255825 /* Assets.xcassets in Resources */ = {isa = PBXBuildFile; fileRef = 4191C829200CE77400255825 /* Assets.xcassets */; };
		4191C82D200CE77400255825 /* LaunchScreen.storyboard in Resources */ = {isa = PBXBuildFile; fileRef = 4191C82B200CE77400255825 /* LaunchScreen.storyboard */; };
/* End PBXBuildFile section */

/* Begin PBXFileReference section */
		416766B52024E44600E06DD9 /* ListasTableViewController.swift */ = {isa = PBXFileReference; lastKnownFileType = sourcecode.swift; path = ListasTableViewController.swift; sourceTree = "<group>"; };
		416766B72024E6B300E06DD9 /* Lista.swift */ = {isa = PBXFileReference; lastKnownFileType = sourcecode.swift; path = Lista.swift; sourceTree = "<group>"; };
		4169E5F6202C97490024C6BD /* NuevaListaViewController.swift */ = {isa = PBXFileReference; lastKnownFileType = sourcecode.swift; path = NuevaListaViewController.swift; sourceTree = "<group>"; };
		418871DE200F5A1A0076EE4F /* GoogleService-Info.plist */ = {isa = PBXFileReference; fileEncoding = 4; lastKnownFileType = text.plist.xml; path = "GoogleService-Info.plist"; sourceTree = "<group>"; };
		4191C81F200CE77400255825 /* ListaCompra.app */ = {isa = PBXFileReference; explicitFileType = wrapper.application; includeInIndex = 0; path = ListaCompra.app; sourceTree = BUILT_PRODUCTS_DIR; };
		4191C822200CE77400255825 /* AppDelegate.swift */ = {isa = PBXFileReference; lastKnownFileType = sourcecode.swift; path = AppDelegate.swift; sourceTree = "<group>"; };
		4191C827200CE77400255825 /* Base */ = {isa = PBXFileReference; lastKnownFileType = file.storyboard; name = Base; path = Base.lproj/Main.storyboard; sourceTree = "<group>"; };
		4191C829200CE77400255825 /* Assets.xcassets */ = {isa = PBXFileReference; lastKnownFileType = folder.assetcatalog; path = Assets.xcassets; sourceTree = "<group>"; };
		4191C82C200CE77400255825 /* Base */ = {isa = PBXFileReference; lastKnownFileType = file.storyboard; name = Base; path = Base.lproj/LaunchScreen.storyboard; sourceTree = "<group>"; };
		4191C82E200CE77400255825 /* Info.plist */ = {isa = PBXFileReference; lastKnownFileType = text.plist.xml; path = Info.plist; sourceTree = "<group>"; };
		7C806293A2AFE93FC9D595E8 /* Pods_ListaCompra.framework */ = {isa = PBXFileReference; explicitFileType = wrapper.framework; includeInIndex = 0; path = Pods_ListaCompra.framework; sourceTree = BUILT_PRODUCTS_DIR; };
		B3B8EC3ED3D2C3C8BA111E22 /* Pods-ListaCompra.debug.xcconfig */ = {isa = PBXFileReference; includeInIndex = 1; lastKnownFileType = text.xcconfig; name = "Pods-ListaCompra.debug.xcconfig"; path = "Pods/Target Support Files/Pods-ListaCompra/Pods-ListaCompra.debug.xcconfig"; sourceTree = "<group>"; };
		B6E9FC1D5D089CC5FA5034D1 /* Pods-ListaCompra.release.xcconfig */ = {isa = PBXFileReference; includeInIndex = 1; lastKnownFileType = text.xcconfig; name = "Pods-ListaCompra.release.xcconfig"; path = "Pods/Target Support Files/Pods-ListaCompra/Pods-ListaCompra.release.xcconfig"; sourceTree = "<group>"; };
/* End PBXFileReference section */

/* Begin PBXFrameworksBuildPhase section */
		4191C81C200CE77400255825 /* Frameworks */ = {
			isa = PBXFrameworksBuildPhase;
			buildActionMask = 2147483647;
			files = (
				0539BD61053EB7E53DC3D846 /* Pods_ListaCompra.framework in Frameworks */,
			);
			runOnlyForDeploymentPostprocessing = 0;
		};
/* End PBXFrameworksBuildPhase section */

/* Begin PBXGroup section */
		0EA7E1BCDE43888C96F39A53 /* Pods */ = {
			isa = PBXGroup;
			children = (
				B3B8EC3ED3D2C3C8BA111E22 /* Pods-ListaCompra.debug.xcconfig */,
				B6E9FC1D5D089CC5FA5034D1 /* Pods-ListaCompra.release.xcconfig */,
			);
			name = Pods;
			sourceTree = "<group>";
		};
		2BFAA0E457825CFABE9B82C8 /* Frameworks */ = {
			isa = PBXGroup;
			children = (
				7C806293A2AFE93FC9D595E8 /* Pods_ListaCompra.framework */,
			);
			name = Frameworks;
			sourceTree = "<group>";
		};
		4191C816200CE77400255825 = {
			isa = PBXGroup;
			children = (
				4191C821200CE77400255825 /* ListaCompra */,
				4191C820200CE77400255825 /* Products */,
				0EA7E1BCDE43888C96F39A53 /* Pods */,
				2BFAA0E457825CFABE9B82C8 /* Frameworks */,
			);
			sourceTree = "<group>";
		};
		4191C820200CE77400255825 /* Products */ = {
			isa = PBXGroup;
			children = (
				4191C81F200CE77400255825 /* ListaCompra.app */,
			);
			name = Products;
			sourceTree = "<group>";
		};
		4191C821200CE77400255825 /* ListaCompra */ = {
			isa = PBXGroup;
			children = (
				4191C822200CE77400255825 /* AppDelegate.swift */,
				416766B52024E44600E06DD9 /* ListasTableViewController.swift */,
				4169E5F6202C97490024C6BD /* NuevaListaViewController.swift */,
				4191C826200CE77400255825 /* Main.storyboard */,
				4191C829200CE77400255825 /* Assets.xcassets */,
				4191C82B200CE77400255825 /* LaunchScreen.storyboard */,
				418871DE200F5A1A0076EE4F /* GoogleService-Info.plist */,
				4191C82E200CE77400255825 /* Info.plist */,
				416766B72024E6B300E06DD9 /* Lista.swift */,
			);
			path = ListaCompra;
			sourceTree = "<group>";
		};
/* End PBXGroup section */

/* Begin PBXNativeTarget section */
		4191C81E200CE77400255825 /* ListaCompra */ = {
			isa = PBXNativeTarget;
			buildConfigurationList = 4191C831200CE77400255825 /* Build configuration list for PBXNativeTarget "ListaCompra" */;
			buildPhases = (
				29ECF8F0416117B5DF73B640 /* [CP] Check Pods Manifest.lock */,
				4191C81B200CE77400255825 /* Sources */,
				4191C81C200CE77400255825 /* Frameworks */,
				4191C81D200CE77400255825 /* Resources */,
				5B4F05AB7793CCDC0FDE568A /* [CP] Embed Pods Frameworks */,
			);
			buildRules = (
			);
			dependencies = (
			);
			name = ListaCompra;
			productName = ListaCompra;
			productReference = 4191C81F200CE77400255825 /* ListaCompra.app */;
			productType = "com.apple.product-type.application";
		};
/* End PBXNativeTarget section */

/* Begin PBXProject section */
		4191C817200CE77400255825 /* Project object */ = {
			isa = PBXProject;
			attributes = {
				LastSwiftUpdateCheck = 0920;
				LastUpgradeCheck = 0920;
				ORGANIZATIONNAME = "Ion Jaureguialzo Sarasola";
				TargetAttributes = {
					4191C81E200CE77400255825 = {
						CreatedOnToolsVersion = 9.2;
						ProvisioningStyle = Automatic;
					};
				};
			};
			buildConfigurationList = 4191C81A200CE77400255825 /* Build configuration list for PBXProject "ListaCompra" */;
			compatibilityVersion = "Xcode 8.0";
			developmentRegion = en;
			hasScannedForEncodings = 0;
			knownRegions = (
				en,
				Base,
			);
			mainGroup = 4191C816200CE77400255825;
			productRefGroup = 4191C820200CE77400255825 /* Products */;
			projectDirPath = "";
			projectRoot = "";
			targets = (
				4191C81E200CE77400255825 /* ListaCompra */,
			);
		};
/* End PBXProject section */

/* Begin PBXResourcesBuildPhase section */
		4191C81D200CE77400255825 /* Resources */ = {
			isa = PBXResourcesBuildPhase;
			buildActionMask = 2147483647;
			files = (
				4191C82D200CE77400255825 /* LaunchScreen.storyboard in Resources */,
				418871DF200F5A1A0076EE4F /* GoogleService-Info.plist in Resources */,
				4191C82A200CE77400255825 /* Assets.xcassets in Resources */,
				4191C828200CE77400255825 /* Main.storyboard in Resources */,
			);
			runOnlyForDeploymentPostprocessing = 0;
		};
/* End PBXResourcesBuildPhase section */

/* Begin PBXShellScriptBuildPhase section */
		29ECF8F0416117B5DF73B640 /* [CP] Check Pods Manifest.lock */ = {
			isa = PBXShellScriptBuildPhase;
			buildActionMask = 2147483647;
			files = (
			);
			inputPaths = (
				"${PODS_PODFILE_DIR_PATH}/Podfile.lock",
				"${PODS_ROOT}/Manifest.lock",
			);
			name = "[CP] Check Pods Manifest.lock";
			outputPaths = (
				"$(DERIVED_FILE_DIR)/Pods-ListaCompra-checkManifestLockResult.txt",
			);
			runOnlyForDeploymentPostprocessing = 0;
			shellPath = /bin/sh;
			shellScript = "diff \"${PODS_PODFILE_DIR_PATH}/Podfile.lock\" \"${PODS_ROOT}/Manifest.lock\" > /dev/null\nif [ $? != 0 ] ; then\n    # print error to STDERR\n    echo \"error: The sandbox is not in sync with the Podfile.lock. Run 'pod install' or update your CocoaPods installation.\" >&2\n    exit 1\nfi\n# This output is used by Xcode 'outputs' to avoid re-running this script phase.\necho \"SUCCESS\" > \"${SCRIPT_OUTPUT_FILE_0}\"\n";
			showEnvVarsInLog = 0;
		};
		5B4F05AB7793CCDC0FDE568A /* [CP] Embed Pods Frameworks */ = {
			isa = PBXShellScriptBuildPhase;
			buildActionMask = 2147483647;
			files = (
			);
			inputPaths = (
				"${SRCROOT}/Pods/Target Support Files/Pods-ListaCompra/Pods-ListaCompra-frameworks.sh",
				"${BUILT_PRODUCTS_DIR}/BoringSSL/openssl.framework",
				"${BUILT_PRODUCTS_DIR}/Eureka/Eureka.framework",
				"${BUILT_PRODUCTS_DIR}/GTMSessionFetcher/GTMSessionFetcher.framework",
				"${BUILT_PRODUCTS_DIR}/GoogleToolboxForMac/GoogleToolboxForMac.framework",
				"${BUILT_PRODUCTS_DIR}/ObjcExceptionBridging/ObjcExceptionBridging.framework",
				"${BUILT_PRODUCTS_DIR}/Protobuf/Protobuf.framework",
				"${BUILT_PRODUCTS_DIR}/XCGLogger/XCGLogger.framework",
				"${BUILT_PRODUCTS_DIR}/gRPC/GRPCClient.framework",
				"${BUILT_PRODUCTS_DIR}/gRPC-Core/grpc.framework",
				"${BUILT_PRODUCTS_DIR}/gRPC-ProtoRPC/ProtoRPC.framework",
				"${BUILT_PRODUCTS_DIR}/gRPC-RxLibrary/RxLibrary.framework",
				"${BUILT_PRODUCTS_DIR}/leveldb-library/leveldb.framework",
				"${BUILT_PRODUCTS_DIR}/nanopb/nanopb.framework",
			);
			name = "[CP] Embed Pods Frameworks";
			outputPaths = (
				"${TARGET_BUILD_DIR}/${FRAMEWORKS_FOLDER_PATH}/openssl.framework",
				"${TARGET_BUILD_DIR}/${FRAMEWORKS_FOLDER_PATH}/Eureka.framework",
				"${TARGET_BUILD_DIR}/${FRAMEWORKS_FOLDER_PATH}/GTMSessionFetcher.framework",
				"${TARGET_BUILD_DIR}/${FRAMEWORKS_FOLDER_PATH}/GoogleToolboxForMac.framework",
				"${TARGET_BUILD_DIR}/${FRAMEWORKS_FOLDER_PATH}/ObjcExceptionBridging.framework",
				"${TARGET_BUILD_DIR}/${FRAMEWORKS_FOLDER_PATH}/Protobuf.framework",
				"${TARGET_BUILD_DIR}/${FRAMEWORKS_FOLDER_PATH}/XCGLogger.framework",
				"${TARGET_BUILD_DIR}/${FRAMEWORKS_FOLDER_PATH}/GRPCClient.framework",
				"${TARGET_BUILD_DIR}/${FRAMEWORKS_FOLDER_PATH}/grpc.framework",
				"${TARGET_BUILD_DIR}/${FRAMEWORKS_FOLDER_PATH}/ProtoRPC.framework",
				"${TARGET_BUILD_DIR}/${FRAMEWORKS_FOLDER_PATH}/RxLibrary.framework",
				"${TARGET_BUILD_DIR}/${FRAMEWORKS_FOLDER_PATH}/leveldb.framework",
				"${TARGET_BUILD_DIR}/${FRAMEWORKS_FOLDER_PATH}/nanopb.framework",
			);
			runOnlyForDeploymentPostprocessing = 0;
			shellPath = /bin/sh;
			shellScript = "\"${SRCROOT}/Pods/Target Support Files/Pods-ListaCompra/Pods-ListaCompra-frameworks.sh\"\n";
			showEnvVarsInLog = 0;
		};
/* End PBXShellScriptBuildPhase section */

/* Begin PBXSourcesBuildPhase section */
		4191C81B200CE77400255825 /* Sources */ = {
			isa = PBXSourcesBuildPhase;
			buildActionMask = 2147483647;
			files = (
				4169E5F7202C97490024C6BD /* NuevaListaViewController.swift in Sources */,
				4191C823200CE77400255825 /* AppDelegate.swift in Sources */,
				416766B62024E44600E06DD9 /* ListasTableViewController.swift in Sources */,
				416766B82024E6B300E06DD9 /* Lista.swift in Sources */,
			);
			runOnlyForDeploymentPostprocessing = 0;
		};
/* End PBXSourcesBuildPhase section */

/* Begin PBXVariantGroup section */
		4191C826200CE77400255825 /* Main.storyboard */ = {
			isa = PBXVariantGroup;
			children = (
				4191C827200CE77400255825 /* Base */,
			);
			name = Main.storyboard;
			sourceTree = "<group>";
		};
		4191C82B200CE77400255825 /* LaunchScreen.storyboard */ = {
			isa = PBXVariantGroup;
			children = (
				4191C82C200CE77400255825 /* Base */,
			);
			name = LaunchScreen.storyboard;
			sourceTree = "<group>";
		};
/* End PBXVariantGroup section */

/* Begin XCBuildConfiguration section */
		4191C82F200CE77400255825 /* Debug */ = {
			isa = XCBuildConfiguration;
			buildSettings = {
				ALWAYS_SEARCH_USER_PATHS = NO;
				CLANG_ANALYZER_NONNULL = YES;
				CLANG_ANALYZER_NUMBER_OBJECT_CONVERSION = YES_AGGRESSIVE;
				CLANG_CXX_LANGUAGE_STANDARD = "gnu++14";
				CLANG_CXX_LIBRARY = "libc++";
				CLANG_ENABLE_MODULES = YES;
				CLANG_ENABLE_OBJC_ARC = YES;
				CLANG_WARN_BLOCK_CAPTURE_AUTORELEASING = YES;
				CLANG_WARN_BOOL_CONVERSION = YES;
				CLANG_WARN_COMMA = YES;
				CLANG_WARN_CONSTANT_CONVERSION = YES;
				CLANG_WARN_DIRECT_OBJC_ISA_USAGE = YES_ERROR;
				CLANG_WARN_DOCUMENTATION_COMMENTS = YES;
				CLANG_WARN_EMPTY_BODY = YES;
				CLANG_WARN_ENUM_CONVERSION = YES;
				CLANG_WARN_INFINITE_RECURSION = YES;
				CLANG_WARN_INT_CONVERSION = YES;
				CLANG_WARN_NON_LITERAL_NULL_CONVERSION = YES;
				CLANG_WARN_OBJC_LITERAL_CONVERSION = YES;
				CLANG_WARN_OBJC_ROOT_CLASS = YES_ERROR;
				CLANG_WARN_RANGE_LOOP_ANALYSIS = YES;
				CLANG_WARN_STRICT_PROTOTYPES = YES;
				CLANG_WARN_SUSPICIOUS_MOVE = YES;
				CLANG_WARN_UNGUARDED_AVAILABILITY = YES_AGGRESSIVE;
				CLANG_WARN_UNREACHABLE_CODE = YES;
				CLANG_WARN__DUPLICATE_METHOD_MATCH = YES;
				CODE_SIGN_IDENTITY = "iPhone Developer";
				COPY_PHASE_STRIP = NO;
				DEBUG_INFORMATION_FORMAT = dwarf;
				ENABLE_STRICT_OBJC_MSGSEND = YES;
				ENABLE_TESTABILITY = YES;
				GCC_C_LANGUAGE_STANDARD = gnu11;
				GCC_DYNAMIC_NO_PIC = NO;
				GCC_NO_COMMON_BLOCKS = YES;
				GCC_OPTIMIZATION_LEVEL = 0;
				GCC_PREPROCESSOR_DEFINITIONS = (
					"DEBUG=1",
					"$(inherited)",
				);
				GCC_WARN_64_TO_32_BIT_CONVERSION = YES;
				GCC_WARN_ABOUT_RETURN_TYPE = YES_ERROR;
				GCC_WARN_UNDECLARED_SELECTOR = YES;
				GCC_WARN_UNINITIALIZED_AUTOS = YES_AGGRESSIVE;
				GCC_WARN_UNUSED_FUNCTION = YES;
				GCC_WARN_UNUSED_VARIABLE = YES;
				IPHONEOS_DEPLOYMENT_TARGET = 11.2;
				MTL_ENABLE_DEBUG_INFO = YES;
				ONLY_ACTIVE_ARCH = YES;
				SDKROOT = iphoneos;
				SWIFT_ACTIVE_COMPILATION_CONDITIONS = DEBUG;
				SWIFT_OPTIMIZATION_LEVEL = "-Onone";
			};
			name = Debug;
		};
		4191C830200CE77400255825 /* Release */ = {
			isa = XCBuildConfiguration;
			buildSettings = {
				ALWAYS_SEARCH_USER_PATHS = NO;
				CLANG_ANALYZER_NONNULL = YES;
				CLANG_ANALYZER_NUMBER_OBJECT_CONVERSION = YES_AGGRESSIVE;
				CLANG_CXX_LANGUAGE_STANDARD = "gnu++14";
				CLANG_CXX_LIBRARY = "libc++";
				CLANG_ENABLE_MODULES = YES;
				CLANG_ENABLE_OBJC_ARC = YES;
				CLANG_WARN_BLOCK_CAPTURE_AUTORELEASING = YES;
				CLANG_WARN_BOOL_CONVERSION = YES;
				CLANG_WARN_COMMA = YES;
				CLANG_WARN_CONSTANT_CONVERSION = YES;
				CLANG_WARN_DIRECT_OBJC_ISA_USAGE = YES_ERROR;
				CLANG_WARN_DOCUMENTATION_COMMENTS = YES;
				CLANG_WARN_EMPTY_BODY = YES;
				CLANG_WARN_ENUM_CONVERSION = YES;
				CLANG_WARN_INFINITE_RECURSION = YES;
				CLANG_WARN_INT_CONVERSION = YES;
				CLANG_WARN_NON_LITERAL_NULL_CONVERSION = YES;
				CLANG_WARN_OBJC_LITERAL_CONVERSION = YES;
				CLANG_WARN_OBJC_ROOT_CLASS = YES_ERROR;
				CLANG_WARN_RANGE_LOOP_ANALYSIS = YES;
				CLANG_WARN_STRICT_PROTOTYPES = YES;
				CLANG_WARN_SUSPICIOUS_MOVE = YES;
				CLANG_WARN_UNGUARDED_AVAILABILITY = YES_AGGRESSIVE;
				CLANG_WARN_UNREACHABLE_CODE = YES;
				CLANG_WARN__DUPLICATE_METHOD_MATCH = YES;
				CODE_SIGN_IDENTITY = "iPhone Developer";
				COPY_PHASE_STRIP = NO;
				DEBUG_INFORMATION_FORMAT = "dwarf-with-dsym";
				ENABLE_NS_ASSERTIONS = NO;
				ENABLE_STRICT_OBJC_MSGSEND = YES;
				GCC_C_LANGUAGE_STANDARD = gnu11;
				GCC_NO_COMMON_BLOCKS = YES;
				GCC_WARN_64_TO_32_BIT_CONVERSION = YES;
				GCC_WARN_ABOUT_RETURN_TYPE = YES_ERROR;
				GCC_WARN_UNDECLARED_SELECTOR = YES;
				GCC_WARN_UNINITIALIZED_AUTOS = YES_AGGRESSIVE;
				GCC_WARN_UNUSED_FUNCTION = YES;
				GCC_WARN_UNUSED_VARIABLE = YES;
				IPHONEOS_DEPLOYMENT_TARGET = 11.2;
				MTL_ENABLE_DEBUG_INFO = NO;
				SDKROOT = iphoneos;
				SWIFT_OPTIMIZATION_LEVEL = "-Owholemodule";
				VALIDATE_PRODUCT = YES;
			};
			name = Release;
		};
		4191C832200CE77400255825 /* Debug */ = {
			isa = XCBuildConfiguration;
			baseConfigurationReference = B3B8EC3ED3D2C3C8BA111E22 /* Pods-ListaCompra.debug.xcconfig */;
			buildSettings = {
				ASSETCATALOG_COMPILER_APPICON_NAME = AppIcon;
				CODE_SIGN_STYLE = Automatic;
				DEVELOPMENT_TEAM = RSEH385M54;
				INFOPLIST_FILE = ListaCompra/Info.plist;
				LD_RUNPATH_SEARCH_PATHS = "$(inherited) @executable_path/Frameworks";
				PRODUCT_BUNDLE_IDENTIFIER = com.jaureguialzo.ListaCompra;
				PRODUCT_NAME = "$(TARGET_NAME)";
				SWIFT_VERSION = 4.0;
				TARGETED_DEVICE_FAMILY = "1,2";
			};
			name = Debug;
		};
		4191C833200CE77400255825 /* Release */ = {
			isa = XCBuildConfiguration;
			baseConfigurationReference = B6E9FC1D5D089CC5FA5034D1 /* Pods-ListaCompra.release.xcconfig */;
			buildSettings = {
				ASSETCATALOG_COMPILER_APPICON_NAME = AppIcon;
				CODE_SIGN_STYLE = Automatic;
				DEVELOPMENT_TEAM = RSEH385M54;
				INFOPLIST_FILE = ListaCompra/Info.plist;
				LD_RUNPATH_SEARCH_PATHS = "$(inherited) @executable_path/Frameworks";
				PRODUCT_BUNDLE_IDENTIFIER = com.jaureguialzo.ListaCompra;
				PRODUCT_NAME = "$(TARGET_NAME)";
				SWIFT_VERSION = 4.0;
				TARGETED_DEVICE_FAMILY = "1,2";
			};
			name = Release;
		};
/* End XCBuildConfiguration section */

/* Begin XCConfigurationList section */
		4191C81A200CE77400255825 /* Build configuration list for PBXProject "ListaCompra" */ = {
			isa = XCConfigurationList;
			buildConfigurations = (
				4191C82F200CE77400255825 /* Debug */,
				4191C830200CE77400255825 /* Release */,
			);
			defaultConfigurationIsVisible = 0;
			defaultConfigurationName = Release;
		};
		4191C831200CE77400255825 /* Build configuration list for PBXNativeTarget "ListaCompra" */ = {
			isa = XCConfigurationList;
			buildConfigurations = (
				4191C832200CE77400255825 /* Debug */,
				4191C833200CE77400255825 /* Release */,
			);
			defaultConfigurationIsVisible = 0;
			defaultConfigurationName = Release;
		};
/* End XCConfigurationList section */
	};
	rootObject = 4191C817200CE77400255825 /* Project object */;
}
